
Terraform used the selected providers to generate the following execution
plan. Resource actions are indicated with the following symbols:
  [32m+[0m create[0m

Terraform will perform the following actions:

[1m  # module.networking.azurerm_network_security_group.main[0m will be created
[0m  [32m+[0m[0m resource "azurerm_network_security_group" "main" {
      [32m+[0m[0m id                  = (known after apply)
      [32m+[0m[0m location            = "centralus"
      [32m+[0m[0m name                = "dats-beeux-dev-nsg"
      [32m+[0m[0m resource_group_name = "dats-beeux-dev-rg"
      [32m+[0m[0m security_rule       = (known after apply)
      [32m+[0m[0m tags                = {
          [32m+[0m[0m "CostCenter"   = "Engineering"
          [32m+[0m[0m "Environment"  = "dev"
          [32m+[0m[0m "ManagedBy"    = "Terraform"
          [32m+[0m[0m "Organization" = "dats"
          [32m+[0m[0m "Owner"        = "Platform Team"
          [32m+[0m[0m "Platform"     = "beeux"
          [32m+[0m[0m "Project"      = "BeEux Word Learning Platform"
        }
    }

[1m  # module.networking.azurerm_network_security_rule.allow_internet_outbound[0m will be created
[0m  [32m+[0m[0m resource "azurerm_network_security_rule" "allow_internet_outbound" {
      [32m+[0m[0m access                      = "Allow"
      [32m+[0m[0m destination_address_prefix  = "Internet"
      [32m+[0m[0m destination_port_range      = "*"
      [32m+[0m[0m direction                   = "Outbound"
      [32m+[0m[0m id                          = (known after apply)
      [32m+[0m[0m name                        = "AllowInternetOutBound"
      [32m+[0m[0m network_security_group_name = "dats-beeux-dev-nsg"
      [32m+[0m[0m priority                    = 110
      [32m+[0m[0m protocol                    = "*"
      [32m+[0m[0m resource_group_name         = "dats-beeux-dev-rg"
      [32m+[0m[0m source_address_prefix       = "*"
      [32m+[0m[0m source_port_range           = "*"
    }

[1m  # module.networking.azurerm_network_security_rule.allow_vnet_inbound[0m will be created
[0m  [32m+[0m[0m resource "azurerm_network_security_rule" "allow_vnet_inbound" {
      [32m+[0m[0m access                      = "Allow"
      [32m+[0m[0m destination_address_prefix  = "VirtualNetwork"
      [32m+[0m[0m destination_port_range      = "*"
      [32m+[0m[0m direction                   = "Inbound"
      [32m+[0m[0m id                          = (known after apply)
      [32m+[0m[0m name                        = "AllowVNetInBound"
      [32m+[0m[0m network_security_group_name = "dats-beeux-dev-nsg"
      [32m+[0m[0m priority                    = 500
      [32m+[0m[0m protocol                    = "*"
      [32m+[0m[0m resource_group_name         = "dats-beeux-dev-rg"
      [32m+[0m[0m source_address_prefix       = "VirtualNetwork"
      [32m+[0m[0m source_port_range           = "*"
    }

[1m  # module.networking.azurerm_network_security_rule.allow_vnet_outbound[0m will be created
[0m  [32m+[0m[0m resource "azurerm_network_security_rule" "allow_vnet_outbound" {
      [32m+[0m[0m access                      = "Allow"
      [32m+[0m[0m destination_address_prefix  = "VirtualNetwork"
      [32m+[0m[0m destination_port_range      = "*"
      [32m+[0m[0m direction                   = "Outbound"
      [32m+[0m[0m id                          = (known after apply)
      [32m+[0m[0m name                        = "AllowVNetOutBound"
      [32m+[0m[0m network_security_group_name = "dats-beeux-dev-nsg"
      [32m+[0m[0m priority                    = 100
      [32m+[0m[0m protocol                    = "*"
      [32m+[0m[0m resource_group_name         = "dats-beeux-dev-rg"
      [32m+[0m[0m source_address_prefix       = "VirtualNetwork"
      [32m+[0m[0m source_port_range           = "*"
    }

[1m  # module.networking.azurerm_network_security_rule.laptop_angular_uis[0m will be created
[0m  [32m+[0m[0m resource "azurerm_network_security_rule" "laptop_angular_uis" {
      [32m+[0m[0m access                      = "Allow"
      [32m+[0m[0m destination_address_prefix  = "*"
      [32m+[0m[0m destination_port_ranges     = [
          [32m+[0m[0m "4200",
          [32m+[0m[0m "4201",
        ]
      [32m+[0m[0m direction                   = "Inbound"
      [32m+[0m[0m id                          = (known after apply)
      [32m+[0m[0m name                        = "AllowAngularUIs-Laptop"
      [32m+[0m[0m network_security_group_name = "dats-beeux-dev-nsg"
      [32m+[0m[0m priority                    = 160
      [32m+[0m[0m protocol                    = "Tcp"
      [32m+[0m[0m resource_group_name         = "dats-beeux-dev-rg"
      [32m+[0m[0m source_address_prefix       = "136.56.79.92/32"
      [32m+[0m[0m source_port_range           = "*"
    }

[1m  # module.networking.azurerm_network_security_rule.laptop_config_server[0m will be created
[0m  [32m+[0m[0m resource "azurerm_network_security_rule" "laptop_config_server" {
      [32m+[0m[0m access                      = "Allow"
      [32m+[0m[0m destination_address_prefix  = "*"
      [32m+[0m[0m destination_port_ranges     = [
          [32m+[0m[0m "8888",
          [32m+[0m[0m "8889",
        ]
      [32m+[0m[0m direction                   = "Inbound"
      [32m+[0m[0m id                          = (known after apply)
      [32m+[0m[0m name                        = "AllowConfigServer-Laptop"
      [32m+[0m[0m network_security_group_name = "dats-beeux-dev-nsg"
      [32m+[0m[0m priority                    = 140
      [32m+[0m[0m protocol                    = "Tcp"
      [32m+[0m[0m resource_group_name         = "dats-beeux-dev-rg"
      [32m+[0m[0m source_address_prefix       = "136.56.79.92/32"
      [32m+[0m[0m source_port_range           = "*"
    }

[1m  # module.networking.azurerm_network_security_rule.laptop_gateway_eureka[0m will be created
[0m  [32m+[0m[0m resource "azurerm_network_security_rule" "laptop_gateway_eureka" {
      [32m+[0m[0m access                      = "Allow"
      [32m+[0m[0m destination_address_prefix  = "*"
      [32m+[0m[0m destination_port_ranges     = [
          [32m+[0m[0m "8080",
          [32m+[0m[0m "8761",
        ]
      [32m+[0m[0m direction                   = "Inbound"
      [32m+[0m[0m id                          = (known after apply)
      [32m+[0m[0m name                        = "AllowGateway-Eureka-Laptop"
      [32m+[0m[0m network_security_group_name = "dats-beeux-dev-nsg"
      [32m+[0m[0m priority                    = 150
      [32m+[0m[0m protocol                    = "Tcp"
      [32m+[0m[0m resource_group_name         = "dats-beeux-dev-rg"
      [32m+[0m[0m source_address_prefix       = "136.56.79.92/32"
      [32m+[0m[0m source_port_range           = "*"
    }

[1m  # module.networking.azurerm_network_security_rule.laptop_http_https[0m will be created
[0m  [32m+[0m[0m resource "azurerm_network_security_rule" "laptop_http_https" {
      [32m+[0m[0m access                      = "Allow"
      [32m+[0m[0m destination_address_prefix  = "*"
      [32m+[0m[0m destination_port_ranges     = [
          [32m+[0m[0m "443",
          [32m+[0m[0m "80",
        ]
      [32m+[0m[0m direction                   = "Inbound"
      [32m+[0m[0m id                          = (known after apply)
      [32m+[0m[0m name                        = "AllowHTTP-HTTPS-Laptop"
      [32m+[0m[0m network_security_group_name = "dats-beeux-dev-nsg"
      [32m+[0m[0m priority                    = 110
      [32m+[0m[0m protocol                    = "Tcp"
      [32m+[0m[0m resource_group_name         = "dats-beeux-dev-rg"
      [32m+[0m[0m source_address_prefix       = "136.56.79.92/32"
      [32m+[0m[0m source_port_range           = "*"
    }

[1m  # module.networking.azurerm_network_security_rule.laptop_k8s_api[0m will be created
[0m  [32m+[0m[0m resource "azurerm_network_security_rule" "laptop_k8s_api" {
      [32m+[0m[0m access                      = "Allow"
      [32m+[0m[0m destination_address_prefix  = "*"
      [32m+[0m[0m destination_port_range      = "6443"
      [32m+[0m[0m direction                   = "Inbound"
      [32m+[0m[0m id                          = (known after apply)
      [32m+[0m[0m name                        = "AllowK8sAPI-Laptop"
      [32m+[0m[0m network_security_group_name = "dats-beeux-dev-nsg"
      [32m+[0m[0m priority                    = 220
      [32m+[0m[0m protocol                    = "Tcp"
      [32m+[0m[0m resource_group_name         = "dats-beeux-dev-rg"
      [32m+[0m[0m source_address_prefix       = "136.56.79.92/32"
      [32m+[0m[0m source_port_range           = "*"
    }

[1m  # module.networking.azurerm_network_security_rule.laptop_k8s_nodeport[0m will be created
[0m  [32m+[0m[0m resource "azurerm_network_security_rule" "laptop_k8s_nodeport" {
      [32m+[0m[0m access                      = "Allow"
      [32m+[0m[0m destination_address_prefix  = "*"
      [32m+[0m[0m destination_port_range      = "30000-32767"
      [32m+[0m[0m direction                   = "Inbound"
      [32m+[0m[0m id                          = (known after apply)
      [32m+[0m[0m name                        = "AllowK8sNodePort-Laptop"
      [32m+[0m[0m network_security_group_name = "dats-beeux-dev-nsg"
      [32m+[0m[0m priority                    = 230
      [32m+[0m[0m protocol                    = "Tcp"
      [32m+[0m[0m resource_group_name         = "dats-beeux-dev-rg"
      [32m+[0m[0m source_address_prefix       = "136.56.79.92/32"
      [32m+[0m[0m source_port_range           = "*"
    }

[1m  # module.networking.azurerm_network_security_rule.laptop_keycloak[0m will be created
[0m  [32m+[0m[0m resource "azurerm_network_security_rule" "laptop_keycloak" {
      [32m+[0m[0m access                      = "Allow"
      [32m+[0m[0m destination_address_prefix  = "*"
      [32m+[0m[0m destination_port_ranges     = [
          [32m+[0m[0m "8180",
          [32m+[0m[0m "8443",
        ]
      [32m+[0m[0m direction                   = "Inbound"
      [32m+[0m[0m id                          = (known after apply)
      [32m+[0m[0m name                        = "AllowKeycloak-Laptop"
      [32m+[0m[0m network_security_group_name = "dats-beeux-dev-nsg"
      [32m+[0m[0m priority                    = 120
      [32m+[0m[0m protocol                    = "Tcp"
      [32m+[0m[0m resource_group_name         = "dats-beeux-dev-rg"
      [32m+[0m[0m source_address_prefix       = "136.56.79.92/32"
      [32m+[0m[0m source_port_range           = "*"
    }

[1m  # module.networking.azurerm_network_security_rule.laptop_postgresql[0m will be created
[0m  [32m+[0m[0m resource "azurerm_network_security_rule" "laptop_postgresql" {
      [32m+[0m[0m access                      = "Allow"
      [32m+[0m[0m destination_address_prefix  = "*"
      [32m+[0m[0m destination_port_range      = "5432"
      [32m+[0m[0m direction                   = "Inbound"
      [32m+[0m[0m id                          = (known after apply)
      [32m+[0m[0m name                        = "AllowPostgreSQL-Laptop"
      [32m+[0m[0m network_security_group_name = "dats-beeux-dev-nsg"
      [32m+[0m[0m priority                    = 190
      [32m+[0m[0m protocol                    = "Tcp"
      [32m+[0m[0m resource_group_name         = "dats-beeux-dev-rg"
      [32m+[0m[0m source_address_prefix       = "136.56.79.92/32"
      [32m+[0m[0m source_port_range           = "*"
    }

[1m  # module.networking.azurerm_network_security_rule.laptop_rabbitmq[0m will be created
[0m  [32m+[0m[0m resource "azurerm_network_security_rule" "laptop_rabbitmq" {
      [32m+[0m[0m access                      = "Allow"
      [32m+[0m[0m destination_address_prefix  = "*"
      [32m+[0m[0m destination_port_ranges     = [
          [32m+[0m[0m "15672",
          [32m+[0m[0m "5672",
        ]
      [32m+[0m[0m direction                   = "Inbound"
      [32m+[0m[0m id                          = (known after apply)
      [32m+[0m[0m name                        = "AllowRabbitMQ-Laptop"
      [32m+[0m[0m network_security_group_name = "dats-beeux-dev-nsg"
      [32m+[0m[0m priority                    = 200
      [32m+[0m[0m protocol                    = "Tcp"
      [32m+[0m[0m resource_group_name         = "dats-beeux-dev-rg"
      [32m+[0m[0m source_address_prefix       = "136.56.79.92/32"
      [32m+[0m[0m source_port_range           = "*"
    }

[1m  # module.networking.azurerm_network_security_rule.laptop_redis[0m will be created
[0m  [32m+[0m[0m resource "azurerm_network_security_rule" "laptop_redis" {
      [32m+[0m[0m access                      = "Allow"
      [32m+[0m[0m destination_address_prefix  = "*"
      [32m+[0m[0m destination_port_range      = "6379"
      [32m+[0m[0m direction                   = "Inbound"
      [32m+[0m[0m id                          = (known after apply)
      [32m+[0m[0m name                        = "AllowRedis-Laptop"
      [32m+[0m[0m network_security_group_name = "dats-beeux-dev-nsg"
      [32m+[0m[0m priority                    = 180
      [32m+[0m[0m protocol                    = "Tcp"
      [32m+[0m[0m resource_group_name         = "dats-beeux-dev-rg"
      [32m+[0m[0m source_address_prefix       = "136.56.79.92/32"
      [32m+[0m[0m source_port_range           = "*"
    }

[1m  # module.networking.azurerm_network_security_rule.laptop_smb[0m will be created
[0m  [32m+[0m[0m resource "azurerm_network_security_rule" "laptop_smb" {
      [32m+[0m[0m access                      = "Allow"
      [32m+[0m[0m destination_address_prefix  = "*"
      [32m+[0m[0m destination_port_range      = "445"
      [32m+[0m[0m direction                   = "Inbound"
      [32m+[0m[0m id                          = (known after apply)
      [32m+[0m[0m name                        = "AllowSMB-Laptop"
      [32m+[0m[0m network_security_group_name = "dats-beeux-dev-nsg"
      [32m+[0m[0m priority                    = 240
      [32m+[0m[0m protocol                    = "Tcp"
      [32m+[0m[0m resource_group_name         = "dats-beeux-dev-rg"
      [32m+[0m[0m source_address_prefix       = "136.56.79.92/32"
      [32m+[0m[0m source_port_range           = "*"
    }

[1m  # module.networking.azurerm_network_security_rule.laptop_smtp[0m will be created
[0m  [32m+[0m[0m resource "azurerm_network_security_rule" "laptop_smtp" {
      [32m+[0m[0m access                      = "Allow"
      [32m+[0m[0m destination_address_prefix  = "*"
      [32m+[0m[0m destination_port_ranges     = [
          [32m+[0m[0m "25",
          [32m+[0m[0m "587",
        ]
      [32m+[0m[0m direction                   = "Inbound"
      [32m+[0m[0m id                          = (known after apply)
      [32m+[0m[0m name                        = "AllowSMTP-Laptop"
      [32m+[0m[0m network_security_group_name = "dats-beeux-dev-nsg"
      [32m+[0m[0m priority                    = 210
      [32m+[0m[0m protocol                    = "Tcp"
      [32m+[0m[0m resource_group_name         = "dats-beeux-dev-rg"
      [32m+[0m[0m source_address_prefix       = "136.56.79.92/32"
      [32m+[0m[0m source_port_range           = "*"
    }

[1m  # module.networking.azurerm_network_security_rule.laptop_ssh[0m will be created
[0m  [32m+[0m[0m resource "azurerm_network_security_rule" "laptop_ssh" {
      [32m+[0m[0m access                      = "Allow"
      [32m+[0m[0m destination_address_prefix  = "*"
      [32m+[0m[0m destination_port_range      = "22"
      [32m+[0m[0m direction                   = "Inbound"
      [32m+[0m[0m id                          = (known after apply)
      [32m+[0m[0m name                        = "AllowSSH-Laptop"
      [32m+[0m[0m network_security_group_name = "dats-beeux-dev-nsg"
      [32m+[0m[0m priority                    = 100
      [32m+[0m[0m protocol                    = "Tcp"
      [32m+[0m[0m resource_group_name         = "dats-beeux-dev-rg"
      [32m+[0m[0m source_address_prefix       = "136.56.79.92/32"
      [32m+[0m[0m source_port_range           = "*"
    }

[1m  # module.networking.azurerm_network_security_rule.laptop_swagger_apis[0m will be created
[0m  [32m+[0m[0m resource "azurerm_network_security_rule" "laptop_swagger_apis" {
      [32m+[0m[0m access                      = "Allow"
      [32m+[0m[0m destination_address_prefix  = "*"
      [32m+[0m[0m destination_port_ranges     = [
          [32m+[0m[0m "8081",
          [32m+[0m[0m "8082",
          [32m+[0m[0m "8083",
          [32m+[0m[0m "8084",
          [32m+[0m[0m "8085",
          [32m+[0m[0m "8086",
          [32m+[0m[0m "8087",
          [32m+[0m[0m "8088",
          [32m+[0m[0m "8089",
          [32m+[0m[0m "8090",
          [32m+[0m[0m "8091",
          [32m+[0m[0m "8092",
          [32m+[0m[0m "8093",
          [32m+[0m[0m "8094",
          [32m+[0m[0m "8095",
          [32m+[0m[0m "8096",
          [32m+[0m[0m "8097",
          [32m+[0m[0m "8098",
          [32m+[0m[0m "8099",
        ]
      [32m+[0m[0m direction                   = "Inbound"
      [32m+[0m[0m id                          = (known after apply)
      [32m+[0m[0m name                        = "AllowSwagger-APIs-Laptop"
      [32m+[0m[0m network_security_group_name = "dats-beeux-dev-nsg"
      [32m+[0m[0m priority                    = 170
      [32m+[0m[0m protocol                    = "Tcp"
      [32m+[0m[0m resource_group_name         = "dats-beeux-dev-rg"
      [32m+[0m[0m source_address_prefix       = "136.56.79.92/32"
      [32m+[0m[0m source_port_range           = "*"
    }

[1m  # module.networking.azurerm_network_security_rule.laptop_vault[0m will be created
[0m  [32m+[0m[0m resource "azurerm_network_security_rule" "laptop_vault" {
      [32m+[0m[0m access                      = "Allow"
      [32m+[0m[0m destination_address_prefix  = "*"
      [32m+[0m[0m destination_port_ranges     = [
          [32m+[0m[0m "8200",
          [32m+[0m[0m "8201",
        ]
      [32m+[0m[0m direction                   = "Inbound"
      [32m+[0m[0m id                          = (known after apply)
      [32m+[0m[0m name                        = "AllowVault-Laptop"
      [32m+[0m[0m network_security_group_name = "dats-beeux-dev-nsg"
      [32m+[0m[0m priority                    = 130
      [32m+[0m[0m protocol                    = "Tcp"
      [32m+[0m[0m resource_group_name         = "dats-beeux-dev-rg"
      [32m+[0m[0m source_address_prefix       = "136.56.79.92/32"
      [32m+[0m[0m source_port_range           = "*"
    }

[1m  # module.networking.azurerm_network_security_rule.wifi_angular_uis[0m will be created
[0m  [32m+[0m[0m resource "azurerm_network_security_rule" "wifi_angular_uis" {
      [32m+[0m[0m access                      = "Allow"
      [32m+[0m[0m destination_address_prefix  = "*"
      [32m+[0m[0m destination_port_ranges     = [
          [32m+[0m[0m "4200",
          [32m+[0m[0m "4201",
        ]
      [32m+[0m[0m direction                   = "Inbound"
      [32m+[0m[0m id                          = (known after apply)
      [32m+[0m[0m name                        = "AllowAngularUIs-WiFi"
      [32m+[0m[0m network_security_group_name = "dats-beeux-dev-nsg"
      [32m+[0m[0m priority                    = 360
      [32m+[0m[0m protocol                    = "Tcp"
      [32m+[0m[0m resource_group_name         = "dats-beeux-dev-rg"
      [32m+[0m[0m source_address_prefix       = "136.56.79.0/24"
      [32m+[0m[0m source_port_range           = "*"
    }

[1m  # module.networking.azurerm_network_security_rule.wifi_config_server[0m will be created
[0m  [32m+[0m[0m resource "azurerm_network_security_rule" "wifi_config_server" {
      [32m+[0m[0m access                      = "Allow"
      [32m+[0m[0m destination_address_prefix  = "*"
      [32m+[0m[0m destination_port_ranges     = [
          [32m+[0m[0m "8888",
          [32m+[0m[0m "8889",
        ]
      [32m+[0m[0m direction                   = "Inbound"
      [32m+[0m[0m id                          = (known after apply)
      [32m+[0m[0m name                        = "AllowConfigServer-WiFi"
      [32m+[0m[0m network_security_group_name = "dats-beeux-dev-nsg"
      [32m+[0m[0m priority                    = 340
      [32m+[0m[0m protocol                    = "Tcp"
      [32m+[0m[0m resource_group_name         = "dats-beeux-dev-rg"
      [32m+[0m[0m source_address_prefix       = "136.56.79.0/24"
      [32m+[0m[0m source_port_range           = "*"
    }

[1m  # module.networking.azurerm_network_security_rule.wifi_gateway_eureka[0m will be created
[0m  [32m+[0m[0m resource "azurerm_network_security_rule" "wifi_gateway_eureka" {
      [32m+[0m[0m access                      = "Allow"
      [32m+[0m[0m destination_address_prefix  = "*"
      [32m+[0m[0m destination_port_ranges     = [
          [32m+[0m[0m "8080",
          [32m+[0m[0m "8761",
        ]
      [32m+[0m[0m direction                   = "Inbound"
      [32m+[0m[0m id                          = (known after apply)
      [32m+[0m[0m name                        = "AllowGateway-Eureka-WiFi"
      [32m+[0m[0m network_security_group_name = "dats-beeux-dev-nsg"
      [32m+[0m[0m priority                    = 350
      [32m+[0m[0m protocol                    = "Tcp"
      [32m+[0m[0m resource_group_name         = "dats-beeux-dev-rg"
      [32m+[0m[0m source_address_prefix       = "136.56.79.0/24"
      [32m+[0m[0m source_port_range           = "*"
    }

[1m  # module.networking.azurerm_network_security_rule.wifi_http_https[0m will be created
[0m  [32m+[0m[0m resource "azurerm_network_security_rule" "wifi_http_https" {
      [32m+[0m[0m access                      = "Allow"
      [32m+[0m[0m destination_address_prefix  = "*"
      [32m+[0m[0m destination_port_ranges     = [
          [32m+[0m[0m "443",
          [32m+[0m[0m "80",
        ]
      [32m+[0m[0m direction                   = "Inbound"
      [32m+[0m[0m id                          = (known after apply)
      [32m+[0m[0m name                        = "AllowHTTP-HTTPS-WiFi"
      [32m+[0m[0m network_security_group_name = "dats-beeux-dev-nsg"
      [32m+[0m[0m priority                    = 310
      [32m+[0m[0m protocol                    = "Tcp"
      [32m+[0m[0m resource_group_name         = "dats-beeux-dev-rg"
      [32m+[0m[0m source_address_prefix       = "136.56.79.0/24"
      [32m+[0m[0m source_port_range           = "*"
    }

[1m  # module.networking.azurerm_network_security_rule.wifi_k8s_api[0m will be created
[0m  [32m+[0m[0m resource "azurerm_network_security_rule" "wifi_k8s_api" {
      [32m+[0m[0m access                      = "Allow"
      [32m+[0m[0m destination_address_prefix  = "*"
      [32m+[0m[0m destination_port_range      = "6443"
      [32m+[0m[0m direction                   = "Inbound"
      [32m+[0m[0m id                          = (known after apply)
      [32m+[0m[0m name                        = "AllowK8sAPI-WiFi"
      [32m+[0m[0m network_security_group_name = "dats-beeux-dev-nsg"
      [32m+[0m[0m priority                    = 420
      [32m+[0m[0m protocol                    = "Tcp"
      [32m+[0m[0m resource_group_name         = "dats-beeux-dev-rg"
      [32m+[0m[0m source_address_prefix       = "136.56.79.0/24"
      [32m+[0m[0m source_port_range           = "*"
    }

[1m  # module.networking.azurerm_network_security_rule.wifi_k8s_nodeport[0m will be created
[0m  [32m+[0m[0m resource "azurerm_network_security_rule" "wifi_k8s_nodeport" {
      [32m+[0m[0m access                      = "Allow"
      [32m+[0m[0m destination_address_prefix  = "*"
      [32m+[0m[0m destination_port_range      = "30000-32767"
      [32m+[0m[0m direction                   = "Inbound"
      [32m+[0m[0m id                          = (known after apply)
      [32m+[0m[0m name                        = "AllowK8sNodePort-WiFi"
      [32m+[0m[0m network_security_group_name = "dats-beeux-dev-nsg"
      [32m+[0m[0m priority                    = 430
      [32m+[0m[0m protocol                    = "Tcp"
      [32m+[0m[0m resource_group_name         = "dats-beeux-dev-rg"
      [32m+[0m[0m source_address_prefix       = "136.56.79.0/24"
      [32m+[0m[0m source_port_range           = "*"
    }

[1m  # module.networking.azurerm_network_security_rule.wifi_keycloak[0m will be created
[0m  [32m+[0m[0m resource "azurerm_network_security_rule" "wifi_keycloak" {
      [32m+[0m[0m access                      = "Allow"
      [32m+[0m[0m destination_address_prefix  = "*"
      [32m+[0m[0m destination_port_ranges     = [
          [32m+[0m[0m "8180",
          [32m+[0m[0m "8443",
        ]
      [32m+[0m[0m direction                   = "Inbound"
      [32m+[0m[0m id                          = (known after apply)
      [32m+[0m[0m name                        = "AllowKeycloak-WiFi"
      [32m+[0m[0m network_security_group_name = "dats-beeux-dev-nsg"
      [32m+[0m[0m priority                    = 320
      [32m+[0m[0m protocol                    = "Tcp"
      [32m+[0m[0m resource_group_name         = "dats-beeux-dev-rg"
      [32m+[0m[0m source_address_prefix       = "136.56.79.0/24"
      [32m+[0m[0m source_port_range           = "*"
    }

[1m  # module.networking.azurerm_network_security_rule.wifi_postgresql[0m will be created
[0m  [32m+[0m[0m resource "azurerm_network_security_rule" "wifi_postgresql" {
      [32m+[0m[0m access                      = "Allow"
      [32m+[0m[0m destination_address_prefix  = "*"
      [32m+[0m[0m destination_port_range      = "5432"
      [32m+[0m[0m direction                   = "Inbound"
      [32m+[0m[0m id                          = (known after apply)
      [32m+[0m[0m name                        = "AllowPostgreSQL-WiFi"
      [32m+[0m[0m network_security_group_name = "dats-beeux-dev-nsg"
      [32m+[0m[0m priority                    = 390
      [32m+[0m[0m protocol                    = "Tcp"
      [32m+[0m[0m resource_group_name         = "dats-beeux-dev-rg"
      [32m+[0m[0m source_address_prefix       = "136.56.79.0/24"
      [32m+[0m[0m source_port_range           = "*"
    }

[1m  # module.networking.azurerm_network_security_rule.wifi_rabbitmq[0m will be created
[0m  [32m+[0m[0m resource "azurerm_network_security_rule" "wifi_rabbitmq" {
      [32m+[0m[0m access                      = "Allow"
      [32m+[0m[0m destination_address_prefix  = "*"
      [32m+[0m[0m destination_port_ranges     = [
          [32m+[0m[0m "15672",
          [32m+[0m[0m "5672",
        ]
      [32m+[0m[0m direction                   = "Inbound"
      [32m+[0m[0m id                          = (known after apply)
      [32m+[0m[0m name                        = "AllowRabbitMQ-WiFi"
      [32m+[0m[0m network_security_group_name = "dats-beeux-dev-nsg"
      [32m+[0m[0m priority                    = 400
      [32m+[0m[0m protocol                    = "Tcp"
      [32m+[0m[0m resource_group_name         = "dats-beeux-dev-rg"
      [32m+[0m[0m source_address_prefix       = "136.56.79.0/24"
      [32m+[0m[0m source_port_range           = "*"
    }

[1m  # module.networking.azurerm_network_security_rule.wifi_redis[0m will be created
[0m  [32m+[0m[0m resource "azurerm_network_security_rule" "wifi_redis" {
      [32m+[0m[0m access                      = "Allow"
      [32m+[0m[0m destination_address_prefix  = "*"
      [32m+[0m[0m destination_port_range      = "6379"
      [32m+[0m[0m direction                   = "Inbound"
      [32m+[0m[0m id                          = (known after apply)
      [32m+[0m[0m name                        = "AllowRedis-WiFi"
      [32m+[0m[0m network_security_group_name = "dats-beeux-dev-nsg"
      [32m+[0m[0m priority                    = 380
      [32m+[0m[0m protocol                    = "Tcp"
      [32m+[0m[0m resource_group_name         = "dats-beeux-dev-rg"
      [32m+[0m[0m source_address_prefix       = "136.56.79.0/24"
      [32m+[0m[0m source_port_range           = "*"
    }

[1m  # module.networking.azurerm_network_security_rule.wifi_smb[0m will be created
[0m  [32m+[0m[0m resource "azurerm_network_security_rule" "wifi_smb" {
      [32m+[0m[0m access                      = "Allow"
      [32m+[0m[0m destination_address_prefix  = "*"
      [32m+[0m[0m destination_port_range      = "445"
      [32m+[0m[0m direction                   = "Inbound"
      [32m+[0m[0m id                          = (known after apply)
      [32m+[0m[0m name                        = "AllowSMB-WiFi"
      [32m+[0m[0m network_security_group_name = "dats-beeux-dev-nsg"
      [32m+[0m[0m priority                    = 440
      [32m+[0m[0m protocol                    = "Tcp"
      [32m+[0m[0m resource_group_name         = "dats-beeux-dev-rg"
      [32m+[0m[0m source_address_prefix       = "136.56.79.0/24"
      [32m+[0m[0m source_port_range           = "*"
    }

[1m  # module.networking.azurerm_network_security_rule.wifi_smtp[0m will be created
[0m  [32m+[0m[0m resource "azurerm_network_security_rule" "wifi_smtp" {
      [32m+[0m[0m access                      = "Allow"
      [32m+[0m[0m destination_address_prefix  = "*"
      [32m+[0m[0m destination_port_ranges     = [
          [32m+[0m[0m "25",
          [32m+[0m[0m "587",
        ]
      [32m+[0m[0m direction                   = "Inbound"
      [32m+[0m[0m id                          = (known after apply)
      [32m+[0m[0m name                        = "AllowSMTP-WiFi"
      [32m+[0m[0m network_security_group_name = "dats-beeux-dev-nsg"
      [32m+[0m[0m priority                    = 410
      [32m+[0m[0m protocol                    = "Tcp"
      [32m+[0m[0m resource_group_name         = "dats-beeux-dev-rg"
      [32m+[0m[0m source_address_prefix       = "136.56.79.0/24"
      [32m+[0m[0m source_port_range           = "*"
    }

[1m  # module.networking.azurerm_network_security_rule.wifi_ssh[0m will be created
[0m  [32m+[0m[0m resource "azurerm_network_security_rule" "wifi_ssh" {
      [32m+[0m[0m access                      = "Allow"
      [32m+[0m[0m destination_address_prefix  = "*"
      [32m+[0m[0m destination_port_range      = "22"
      [32m+[0m[0m direction                   = "Inbound"
      [32m+[0m[0m id                          = (known after apply)
      [32m+[0m[0m name                        = "AllowSSH-WiFi"
      [32m+[0m[0m network_security_group_name = "dats-beeux-dev-nsg"
      [32m+[0m[0m priority                    = 300
      [32m+[0m[0m protocol                    = "Tcp"
      [32m+[0m[0m resource_group_name         = "dats-beeux-dev-rg"
      [32m+[0m[0m source_address_prefix       = "136.56.79.0/24"
      [32m+[0m[0m source_port_range           = "*"
    }

[1m  # module.networking.azurerm_network_security_rule.wifi_swagger_apis[0m will be created
[0m  [32m+[0m[0m resource "azurerm_network_security_rule" "wifi_swagger_apis" {
      [32m+[0m[0m access                      = "Allow"
      [32m+[0m[0m destination_address_prefix  = "*"
      [32m+[0m[0m destination_port_ranges     = [
          [32m+[0m[0m "8081",
          [32m+[0m[0m "8082",
          [32m+[0m[0m "8083",
          [32m+[0m[0m "8084",
          [32m+[0m[0m "8085",
          [32m+[0m[0m "8086",
          [32m+[0m[0m "8087",
          [32m+[0m[0m "8088",
          [32m+[0m[0m "8089",
          [32m+[0m[0m "8090",
          [32m+[0m[0m "8091",
          [32m+[0m[0m "8092",
          [32m+[0m[0m "8093",
          [32m+[0m[0m "8094",
          [32m+[0m[0m "8095",
          [32m+[0m[0m "8096",
          [32m+[0m[0m "8097",
          [32m+[0m[0m "8098",
          [32m+[0m[0m "8099",
        ]
      [32m+[0m[0m direction                   = "Inbound"
      [32m+[0m[0m id                          = (known after apply)
      [32m+[0m[0m name                        = "AllowSwagger-APIs-WiFi"
      [32m+[0m[0m network_security_group_name = "dats-beeux-dev-nsg"
      [32m+[0m[0m priority                    = 370
      [32m+[0m[0m protocol                    = "Tcp"
      [32m+[0m[0m resource_group_name         = "dats-beeux-dev-rg"
      [32m+[0m[0m source_address_prefix       = "136.56.79.0/24"
      [32m+[0m[0m source_port_range           = "*"
    }

[1m  # module.networking.azurerm_network_security_rule.wifi_vault[0m will be created
[0m  [32m+[0m[0m resource "azurerm_network_security_rule" "wifi_vault" {
      [32m+[0m[0m access                      = "Allow"
      [32m+[0m[0m destination_address_prefix  = "*"
      [32m+[0m[0m destination_port_ranges     = [
          [32m+[0m[0m "8200",
          [32m+[0m[0m "8201",
        ]
      [32m+[0m[0m direction                   = "Inbound"
      [32m+[0m[0m id                          = (known after apply)
      [32m+[0m[0m name                        = "AllowVault-WiFi"
      [32m+[0m[0m network_security_group_name = "dats-beeux-dev-nsg"
      [32m+[0m[0m priority                    = 330
      [32m+[0m[0m protocol                    = "Tcp"
      [32m+[0m[0m resource_group_name         = "dats-beeux-dev-rg"
      [32m+[0m[0m source_address_prefix       = "136.56.79.0/24"
      [32m+[0m[0m source_port_range           = "*"
    }

[1m  # module.networking.azurerm_subnet.main[0m will be created
[0m  [32m+[0m[0m resource "azurerm_subnet" "main" {
      [32m+[0m[0m address_prefixes                               = [
          [32m+[0m[0m "10.0.1.0/24",
        ]
      [32m+[0m[0m default_outbound_access_enabled                = true
      [32m+[0m[0m enforce_private_link_endpoint_network_policies = (known after apply)
      [32m+[0m[0m enforce_private_link_service_network_policies  = (known after apply)
      [32m+[0m[0m id                                             = (known after apply)
      [32m+[0m[0m name                                           = "dats-beeux-dev-subnet"
      [32m+[0m[0m private_endpoint_network_policies              = (known after apply)
      [32m+[0m[0m private_endpoint_network_policies_enabled      = (known after apply)
      [32m+[0m[0m private_link_service_network_policies_enabled  = (known after apply)
      [32m+[0m[0m resource_group_name                            = "dats-beeux-dev-rg"
      [32m+[0m[0m virtual_network_name                           = "dats-beeux-dev-vnet"
    }

[1m  # module.networking.azurerm_subnet_network_security_group_association.main[0m will be created
[0m  [32m+[0m[0m resource "azurerm_subnet_network_security_group_association" "main" {
      [32m+[0m[0m id                        = (known after apply)
      [32m+[0m[0m network_security_group_id = (known after apply)
      [32m+[0m[0m subnet_id                 = (known after apply)
    }

[1m  # module.networking.azurerm_virtual_network.main[0m will be created
[0m  [32m+[0m[0m resource "azurerm_virtual_network" "main" {
      [32m+[0m[0m address_space       = [
          [32m+[0m[0m "10.0.0.0/16",
        ]
      [32m+[0m[0m dns_servers         = (known after apply)
      [32m+[0m[0m guid                = (known after apply)
      [32m+[0m[0m id                  = (known after apply)
      [32m+[0m[0m location            = "centralus"
      [32m+[0m[0m name                = "dats-beeux-dev-vnet"
      [32m+[0m[0m resource_group_name = "dats-beeux-dev-rg"
      [32m+[0m[0m subnet              = (known after apply)
      [32m+[0m[0m tags                = {
          [32m+[0m[0m "CostCenter"   = "Engineering"
          [32m+[0m[0m "Environment"  = "dev"
          [32m+[0m[0m "ManagedBy"    = "Terraform"
          [32m+[0m[0m "Organization" = "dats"
          [32m+[0m[0m "Owner"        = "Platform Team"
          [32m+[0m[0m "Platform"     = "beeux"
          [32m+[0m[0m "Project"      = "BeEux Word Learning Platform"
        }
    }

[1m  # module.resource_group.azurerm_resource_group.main[0m will be created
[0m  [32m+[0m[0m resource "azurerm_resource_group" "main" {
      [32m+[0m[0m id       = (known after apply)
      [32m+[0m[0m location = "centralus"
      [32m+[0m[0m name     = "dats-beeux-dev-rg"
      [32m+[0m[0m tags     = (known after apply)
    }

[1m  # module.ssh_key.local_file.private_key[0][0m will be created
[0m  [32m+[0m[0m resource "local_file" "private_key" {
      [32m+[0m[0m content              = (sensitive value)
      [32m+[0m[0m content_base64sha256 = (known after apply)
      [32m+[0m[0m content_base64sha512 = (known after apply)
      [32m+[0m[0m content_md5          = (known after apply)
      [32m+[0m[0m content_sha1         = (known after apply)
      [32m+[0m[0m content_sha256       = (known after apply)
      [32m+[0m[0m content_sha512       = (known after apply)
      [32m+[0m[0m directory_permission = "0777"
      [32m+[0m[0m file_permission      = "0600"
      [32m+[0m[0m filename             = "./ssh-keys/dats-beeux-dats-beeux-infr1-dev-id_rsa"
      [32m+[0m[0m id                   = (known after apply)
    }

[1m  # module.ssh_key.local_file.public_key[0][0m will be created
[0m  [32m+[0m[0m resource "local_file" "public_key" {
      [32m+[0m[0m content              = (known after apply)
      [32m+[0m[0m content_base64sha256 = (known after apply)
      [32m+[0m[0m content_base64sha512 = (known after apply)
      [32m+[0m[0m content_md5          = (known after apply)
      [32m+[0m[0m content_sha1         = (known after apply)
      [32m+[0m[0m content_sha256       = (known after apply)
      [32m+[0m[0m content_sha512       = (known after apply)
      [32m+[0m[0m directory_permission = "0777"
      [32m+[0m[0m file_permission      = "0644"
      [32m+[0m[0m filename             = "./ssh-keys/dats-beeux-dats-beeux-infr1-dev-id_rsa.pub"
      [32m+[0m[0m id                   = (known after apply)
    }

[1m  # module.ssh_key.tls_private_key.ssh[0m will be created
[0m  [32m+[0m[0m resource "tls_private_key" "ssh" {
      [32m+[0m[0m algorithm                     = "RSA"
      [32m+[0m[0m ecdsa_curve                   = "P224"
      [32m+[0m[0m id                            = (known after apply)
      [32m+[0m[0m private_key_openssh           = (sensitive value)
      [32m+[0m[0m private_key_pem               = (sensitive value)
      [32m+[0m[0m private_key_pem_pkcs8         = (sensitive value)
      [32m+[0m[0m public_key_fingerprint_md5    = (known after apply)
      [32m+[0m[0m public_key_fingerprint_sha256 = (known after apply)
      [32m+[0m[0m public_key_openssh            = (known after apply)
      [32m+[0m[0m public_key_pem                = (known after apply)
      [32m+[0m[0m rsa_bits                      = 4096
    }

[1m  # module.storage.azurerm_storage_account.main[0m will be created
[0m  [32m+[0m[0m resource "azurerm_storage_account" "main" {
      [32m+[0m[0m access_tier                        = (known after apply)
      [32m+[0m[0m account_kind                       = "StorageV2"
      [32m+[0m[0m account_replication_type           = "LRS"
      [32m+[0m[0m account_tier                       = "Standard"
      [32m+[0m[0m allow_nested_items_to_be_public    = false
      [32m+[0m[0m cross_tenant_replication_enabled   = true
      [32m+[0m[0m default_to_oauth_authentication    = false
      [32m+[0m[0m dns_endpoint_type                  = "Standard"
      [32m+[0m[0m enable_https_traffic_only          = (known after apply)
      [32m+[0m[0m https_traffic_only_enabled         = true
      [32m+[0m[0m id                                 = (known after apply)
      [32m+[0m[0m infrastructure_encryption_enabled  = false
      [32m+[0m[0m is_hns_enabled                     = false
      [32m+[0m[0m large_file_share_enabled           = (known after apply)
      [32m+[0m[0m local_user_enabled                 = true
      [32m+[0m[0m location                           = "centralus"
      [32m+[0m[0m min_tls_version                    = "TLS1_2"
      [32m+[0m[0m name                               = "datsbeeuxdevstacct"
      [32m+[0m[0m nfsv3_enabled                      = false
      [32m+[0m[0m primary_access_key                 = (sensitive value)
      [32m+[0m[0m primary_blob_connection_string     = (sensitive value)
      [32m+[0m[0m primary_blob_endpoint              = (known after apply)
      [32m+[0m[0m primary_blob_host                  = (known after apply)
      [32m+[0m[0m primary_blob_internet_endpoint     = (known after apply)
      [32m+[0m[0m primary_blob_internet_host         = (known after apply)
      [32m+[0m[0m primary_blob_microsoft_endpoint    = (known after apply)
      [32m+[0m[0m primary_blob_microsoft_host        = (known after apply)
      [32m+[0m[0m primary_connection_string          = (sensitive value)
      [32m+[0m[0m primary_dfs_endpoint               = (known after apply)
      [32m+[0m[0m primary_dfs_host                   = (known after apply)
      [32m+[0m[0m primary_dfs_internet_endpoint      = (known after apply)
      [32m+[0m[0m primary_dfs_internet_host          = (known after apply)
      [32m+[0m[0m primary_dfs_microsoft_endpoint     = (known after apply)
      [32m+[0m[0m primary_dfs_microsoft_host         = (known after apply)
      [32m+[0m[0m primary_file_endpoint              = (known after apply)
      [32m+[0m[0m primary_file_host                  = (known after apply)
      [32m+[0m[0m primary_file_internet_endpoint     = (known after apply)
      [32m+[0m[0m primary_file_internet_host         = (known after apply)
      [32m+[0m[0m primary_file_microsoft_endpoint    = (known after apply)
      [32m+[0m[0m primary_file_microsoft_host        = (known after apply)
      [32m+[0m[0m primary_location                   = (known after apply)
      [32m+[0m[0m primary_queue_endpoint             = (known after apply)
      [32m+[0m[0m primary_queue_host                 = (known after apply)
      [32m+[0m[0m primary_queue_microsoft_endpoint   = (known after apply)
      [32m+[0m[0m primary_queue_microsoft_host       = (known after apply)
      [32m+[0m[0m primary_table_endpoint             = (known after apply)
      [32m+[0m[0m primary_table_host                 = (known after apply)
      [32m+[0m[0m primary_table_microsoft_endpoint   = (known after apply)
      [32m+[0m[0m primary_table_microsoft_host       = (known after apply)
      [32m+[0m[0m primary_web_endpoint               = (known after apply)
      [32m+[0m[0m primary_web_host                   = (known after apply)
      [32m+[0m[0m primary_web_internet_endpoint      = (known after apply)
      [32m+[0m[0m primary_web_internet_host          = (known after apply)
      [32m+[0m[0m primary_web_microsoft_endpoint     = (known after apply)
      [32m+[0m[0m primary_web_microsoft_host         = (known after apply)
      [32m+[0m[0m public_network_access_enabled      = true
      [32m+[0m[0m queue_encryption_key_type          = "Service"
      [32m+[0m[0m resource_group_name                = "dats-beeux-dev-rg"
      [32m+[0m[0m secondary_access_key               = (sensitive value)
      [32m+[0m[0m secondary_blob_connection_string   = (sensitive value)
      [32m+[0m[0m secondary_blob_endpoint            = (known after apply)
      [32m+[0m[0m secondary_blob_host                = (known after apply)
      [32m+[0m[0m secondary_blob_internet_endpoint   = (known after apply)
      [32m+[0m[0m secondary_blob_internet_host       = (known after apply)
      [32m+[0m[0m secondary_blob_microsoft_endpoint  = (known after apply)
      [32m+[0m[0m secondary_blob_microsoft_host      = (known after apply)
      [32m+[0m[0m secondary_connection_string        = (sensitive value)
      [32m+[0m[0m secondary_dfs_endpoint             = (known after apply)
      [32m+[0m[0m secondary_dfs_host                 = (known after apply)
      [32m+[0m[0m secondary_dfs_internet_endpoint    = (known after apply)
      [32m+[0m[0m secondary_dfs_internet_host        = (known after apply)
      [32m+[0m[0m secondary_dfs_microsoft_endpoint   = (known after apply)
      [32m+[0m[0m secondary_dfs_microsoft_host       = (known after apply)
      [32m+[0m[0m secondary_file_endpoint            = (known after apply)
      [32m+[0m[0m secondary_file_host                = (known after apply)
      [32m+[0m[0m secondary_file_internet_endpoint   = (known after apply)
      [32m+[0m[0m secondary_file_internet_host       = (known after apply)
      [32m+[0m[0m secondary_file_microsoft_endpoint  = (known after apply)
      [32m+[0m[0m secondary_file_microsoft_host      = (known after apply)
      [32m+[0m[0m secondary_location                 = (known after apply)
      [32m+[0m[0m secondary_queue_endpoint           = (known after apply)
      [32m+[0m[0m secondary_queue_host               = (known after apply)
      [32m+[0m[0m secondary_queue_microsoft_endpoint = (known after apply)
      [32m+[0m[0m secondary_queue_microsoft_host     = (known after apply)
      [32m+[0m[0m secondary_table_endpoint           = (known after apply)
      [32m+[0m[0m secondary_table_host               = (known after apply)
      [32m+[0m[0m secondary_table_microsoft_endpoint = (known after apply)
      [32m+[0m[0m secondary_table_microsoft_host     = (known after apply)
      [32m+[0m[0m secondary_web_endpoint             = (known after apply)
      [32m+[0m[0m secondary_web_host                 = (known after apply)
      [32m+[0m[0m secondary_web_internet_endpoint    = (known after apply)
      [32m+[0m[0m secondary_web_internet_host        = (known after apply)
      [32m+[0m[0m secondary_web_microsoft_endpoint   = (known after apply)
      [32m+[0m[0m secondary_web_microsoft_host       = (known after apply)
      [32m+[0m[0m sftp_enabled                       = false
      [32m+[0m[0m shared_access_key_enabled          = true
      [32m+[0m[0m table_encryption_key_type          = "Service"
      [32m+[0m[0m tags                               = {
          [32m+[0m[0m "CostCenter"   = "Engineering"
          [32m+[0m[0m "Environment"  = "dev"
          [32m+[0m[0m "ManagedBy"    = "Terraform"
          [32m+[0m[0m "Organization" = "dats"
          [32m+[0m[0m "Owner"        = "Platform Team"
          [32m+[0m[0m "Platform"     = "beeux"
          [32m+[0m[0m "Project"      = "BeEux Word Learning Platform"
          [32m+[0m[0m "Purpose"      = "Shared storage for Kubernetes cluster"
        }

      [32m+[0m[0m blob_properties (known after apply)

      [32m+[0m[0m network_rules {
          [32m+[0m[0m bypass                     = [
              [32m+[0m[0m "AzureServices",
            ]
          [32m+[0m[0m default_action             = "Deny"
          [32m+[0m[0m ip_rules                   = [
              [32m+[0m[0m "136.56.79.0",
              [32m+[0m[0m "136.56.79.92",
            ]
          [32m+[0m[0m virtual_network_subnet_ids = (known after apply)
        }

      [32m+[0m[0m queue_properties (known after apply)

      [32m+[0m[0m routing (known after apply)

      [32m+[0m[0m share_properties (known after apply)

      [32m+[0m[0m static_website (known after apply)
    }

[1m  # module.storage.azurerm_storage_share.main[0m will be created
[0m  [32m+[0m[0m resource "azurerm_storage_share" "main" {
      [32m+[0m[0m access_tier          = (known after apply)
      [32m+[0m[0m enabled_protocol     = "SMB"
      [32m+[0m[0m id                   = (known after apply)
      [32m+[0m[0m metadata             = {
          [32m+[0m[0m "environment" = "dev"
          [32m+[0m[0m "purpose"     = "Kubernetes shared storage"
        }
      [32m+[0m[0m name                 = "dats-beeux-dev-shaf-afs"
      [32m+[0m[0m quota                = 100
      [32m+[0m[0m resource_manager_id  = (known after apply)
      [32m+[0m[0m storage_account_name = "datsbeeuxdevstacct"
      [32m+[0m[0m url                  = (known after apply)
    }

[1m  # module.storage.azurerm_storage_share_directory.app_data[0m will be created
[0m  [32m+[0m[0m resource "azurerm_storage_share_directory" "app_data" {
      [32m+[0m[0m id                   = (known after apply)
      [32m+[0m[0m name                 = "app-data"
      [32m+[0m[0m share_name           = (known after apply)
      [32m+[0m[0m storage_account_name = (known after apply)
      [32m+[0m[0m storage_share_id     = (known after apply)
    }

[1m  # module.storage.azurerm_storage_share_directory.backups[0m will be created
[0m  [32m+[0m[0m resource "azurerm_storage_share_directory" "backups" {
      [32m+[0m[0m id                   = (known after apply)
      [32m+[0m[0m name                 = "backups"
      [32m+[0m[0m share_name           = (known after apply)
      [32m+[0m[0m storage_account_name = (known after apply)
      [32m+[0m[0m storage_share_id     = (known after apply)
    }

[1m  # module.storage.azurerm_storage_share_directory.k8s_join_token[0m will be created
[0m  [32m+[0m[0m resource "azurerm_storage_share_directory" "k8s_join_token" {
      [32m+[0m[0m id                   = (known after apply)
      [32m+[0m[0m name                 = "k8s-join-token"
      [32m+[0m[0m share_name           = (known after apply)
      [32m+[0m[0m storage_account_name = (known after apply)
      [32m+[0m[0m storage_share_id     = (known after apply)
    }

[1m  # module.storage.azurerm_storage_share_directory.logs[0m will be created
[0m  [32m+[0m[0m resource "azurerm_storage_share_directory" "logs" {
      [32m+[0m[0m id                   = (known after apply)
      [32m+[0m[0m name                 = "logs"
      [32m+[0m[0m share_name           = (known after apply)
      [32m+[0m[0m storage_account_name = (known after apply)
      [32m+[0m[0m storage_share_id     = (known after apply)
    }

[1m  # module.vm1_infr1.azurerm_linux_virtual_machine.main[0m will be created
[0m  [32m+[0m[0m resource "azurerm_linux_virtual_machine" "main" {
      [32m+[0m[0m admin_username                                         = "beeuser"
      [32m+[0m[0m allow_extension_operations                             = true
      [32m+[0m[0m bypass_platform_safety_checks_on_user_schedule_enabled = false
      [32m+[0m[0m computer_name                                          = (known after apply)
      [32m+[0m[0m custom_data                                            = (sensitive value)
      [32m+[0m[0m disable_password_authentication                        = true
      [32m+[0m[0m disk_controller_type                                   = (known after apply)
      [32m+[0m[0m extensions_time_budget                                 = "PT1H30M"
      [32m+[0m[0m id                                                     = (known after apply)
      [32m+[0m[0m location                                               = "centralus"
      [32m+[0m[0m max_bid_price                                          = -1
      [32m+[0m[0m name                                                   = "dats-beeux-infr1-dev"
      [32m+[0m[0m network_interface_ids                                  = (known after apply)
      [32m+[0m[0m patch_assessment_mode                                  = "ImageDefault"
      [32m+[0m[0m patch_mode                                             = "ImageDefault"
      [32m+[0m[0m platform_fault_domain                                  = -1
      [32m+[0m[0m priority                                               = "Regular"
      [32m+[0m[0m private_ip_address                                     = (known after apply)
      [32m+[0m[0m private_ip_addresses                                   = (known after apply)
      [32m+[0m[0m provision_vm_agent                                     = true
      [32m+[0m[0m public_ip_address                                      = (known after apply)
      [32m+[0m[0m public_ip_addresses                                    = (known after apply)
      [32m+[0m[0m resource_group_name                                    = "dats-beeux-dev-rg"
      [32m+[0m[0m size                                                   = "Standard_B2s"
      [32m+[0m[0m tags                                                   = {
          [32m+[0m[0m "Components"   = "WIOR,WCID"
          [32m+[0m[0m "CostCenter"   = "Engineering"
          [32m+[0m[0m "Environment"  = "dev"
          [32m+[0m[0m "ManagedBy"    = "Terraform"
          [32m+[0m[0m "Organization" = "dats"
          [32m+[0m[0m "Owner"        = "Platform Team"
          [32m+[0m[0m "Platform"     = "beeux"
          [32m+[0m[0m "Project"      = "BeEux Word Learning Platform"
          [32m+[0m[0m "VMName"       = "dats-beeux-infr1-dev"
          [32m+[0m[0m "VMRole"       = "master"
        }
      [32m+[0m[0m virtual_machine_id                                     = (known after apply)
      [32m+[0m[0m vm_agent_platform_updates_enabled                      = false
      [32m+[0m[0m zone                                                   = "1"

      [32m+[0m[0m admin_ssh_key {
          [32m+[0m[0m public_key = (known after apply)
          [32m+[0m[0m username   = "beeuser"
        }

      [32m+[0m[0m boot_diagnostics {}

      [32m+[0m[0m os_disk {
          [32m+[0m[0m caching                   = "ReadWrite"
          [32m+[0m[0m disk_size_gb              = 20
          [32m+[0m[0m name                      = "dats-beeux-infr1-dev-osdisk"
          [32m+[0m[0m storage_account_type      = "StandardSSD_LRS"
          [32m+[0m[0m write_accelerator_enabled = false
        }

      [32m+[0m[0m source_image_reference {
          [32m+[0m[0m offer     = "0001-com-ubuntu-server-jammy"
          [32m+[0m[0m publisher = "Canonical"
          [32m+[0m[0m sku       = "22_04-lts-gen2"
          [32m+[0m[0m version   = "latest"
        }

      [32m+[0m[0m termination_notification (known after apply)
    }

[1m  # module.vm1_infr1.azurerm_network_interface.main[0m will be created
[0m  [32m+[0m[0m resource "azurerm_network_interface" "main" {
      [32m+[0m[0m accelerated_networking_enabled = (known after apply)
      [32m+[0m[0m applied_dns_servers            = (known after apply)
      [32m+[0m[0m dns_servers                    = (known after apply)
      [32m+[0m[0m enable_accelerated_networking  = (known after apply)
      [32m+[0m[0m enable_ip_forwarding           = (known after apply)
      [32m+[0m[0m id                             = (known after apply)
      [32m+[0m[0m internal_domain_name_suffix    = (known after apply)
      [32m+[0m[0m ip_forwarding_enabled          = (known after apply)
      [32m+[0m[0m location                       = "centralus"
      [32m+[0m[0m mac_address                    = (known after apply)
      [32m+[0m[0m name                           = "dats-beeux-infr1-dev-nic"
      [32m+[0m[0m private_ip_address             = (known after apply)
      [32m+[0m[0m private_ip_addresses           = (known after apply)
      [32m+[0m[0m resource_group_name            = "dats-beeux-dev-rg"
      [32m+[0m[0m tags                           = {
          [32m+[0m[0m "CostCenter"   = "Engineering"
          [32m+[0m[0m "Environment"  = "dev"
          [32m+[0m[0m "ManagedBy"    = "Terraform"
          [32m+[0m[0m "Organization" = "dats"
          [32m+[0m[0m "Owner"        = "Platform Team"
          [32m+[0m[0m "Platform"     = "beeux"
          [32m+[0m[0m "Project"      = "BeEux Word Learning Platform"
          [32m+[0m[0m "VMName"       = "dats-beeux-infr1-dev"
          [32m+[0m[0m "VMRole"       = "master"
        }
      [32m+[0m[0m virtual_machine_id             = (known after apply)

      [32m+[0m[0m ip_configuration {
          [32m+[0m[0m gateway_load_balancer_frontend_ip_configuration_id = (known after apply)
          [32m+[0m[0m name                                               = "internal"
          [32m+[0m[0m primary                                            = (known after apply)
          [32m+[0m[0m private_ip_address                                 = "10.0.1.4"
          [32m+[0m[0m private_ip_address_allocation                      = "Static"
          [32m+[0m[0m private_ip_address_version                         = "IPv4"
          [32m+[0m[0m public_ip_address_id                               = (known after apply)
          [32m+[0m[0m subnet_id                                          = (known after apply)
        }
    }

[1m  # module.vm1_infr1.azurerm_network_interface_security_group_association.main[0m will be created
[0m  [32m+[0m[0m resource "azurerm_network_interface_security_group_association" "main" {
      [32m+[0m[0m id                        = (known after apply)
      [32m+[0m[0m network_interface_id      = (known after apply)
      [32m+[0m[0m network_security_group_id = (known after apply)
    }

[1m  # module.vm1_infr1.azurerm_public_ip.main[0m will be created
[0m  [32m+[0m[0m resource "azurerm_public_ip" "main" {
      [32m+[0m[0m allocation_method       = "Static"
      [32m+[0m[0m ddos_protection_mode    = "VirtualNetworkInherited"
      [32m+[0m[0m fqdn                    = (known after apply)
      [32m+[0m[0m id                      = (known after apply)
      [32m+[0m[0m idle_timeout_in_minutes = 4
      [32m+[0m[0m ip_address              = (known after apply)
      [32m+[0m[0m ip_version              = "IPv4"
      [32m+[0m[0m location                = "centralus"
      [32m+[0m[0m name                    = "dats-beeux-infr1-dev-pip"
      [32m+[0m[0m resource_group_name     = "dats-beeux-dev-rg"
      [32m+[0m[0m sku                     = "Standard"
      [32m+[0m[0m sku_tier                = "Regional"
      [32m+[0m[0m tags                    = {
          [32m+[0m[0m "CostCenter"   = "Engineering"
          [32m+[0m[0m "Environment"  = "dev"
          [32m+[0m[0m "ManagedBy"    = "Terraform"
          [32m+[0m[0m "Organization" = "dats"
          [32m+[0m[0m "Owner"        = "Platform Team"
          [32m+[0m[0m "Platform"     = "beeux"
          [32m+[0m[0m "Project"      = "BeEux Word Learning Platform"
          [32m+[0m[0m "VMName"       = "dats-beeux-infr1-dev"
          [32m+[0m[0m "VMRole"       = "master"
        }
      [32m+[0m[0m zones                   = [
          [32m+[0m[0m "1",
        ]
    }

[1m  # module.vm2_secu1.azurerm_linux_virtual_machine.main[0m will be created
[0m  [32m+[0m[0m resource "azurerm_linux_virtual_machine" "main" {
      [32m+[0m[0m admin_username                                         = "beeuser"
      [32m+[0m[0m allow_extension_operations                             = true
      [32m+[0m[0m bypass_platform_safety_checks_on_user_schedule_enabled = false
      [32m+[0m[0m computer_name                                          = (known after apply)
      [32m+[0m[0m custom_data                                            = (sensitive value)
      [32m+[0m[0m disable_password_authentication                        = true
      [32m+[0m[0m disk_controller_type                                   = (known after apply)
      [32m+[0m[0m extensions_time_budget                                 = "PT1H30M"
      [32m+[0m[0m id                                                     = (known after apply)
      [32m+[0m[0m location                                               = "centralus"
      [32m+[0m[0m max_bid_price                                          = -1
      [32m+[0m[0m name                                                   = "dats-beeux-secu1-dev"
      [32m+[0m[0m network_interface_ids                                  = (known after apply)
      [32m+[0m[0m patch_assessment_mode                                  = "ImageDefault"
      [32m+[0m[0m patch_mode                                             = "ImageDefault"
      [32m+[0m[0m platform_fault_domain                                  = -1
      [32m+[0m[0m priority                                               = "Regular"
      [32m+[0m[0m private_ip_address                                     = (known after apply)
      [32m+[0m[0m private_ip_addresses                                   = (known after apply)
      [32m+[0m[0m provision_vm_agent                                     = true
      [32m+[0m[0m public_ip_address                                      = (known after apply)
      [32m+[0m[0m public_ip_addresses                                    = (known after apply)
      [32m+[0m[0m resource_group_name                                    = "dats-beeux-dev-rg"
      [32m+[0m[0m size                                                   = "Standard_B2s"
      [32m+[0m[0m tags                                                   = {
          [32m+[0m[0m "Components"   = "KIAM,SCSM,SCCM"
          [32m+[0m[0m "CostCenter"   = "Engineering"
          [32m+[0m[0m "Environment"  = "dev"
          [32m+[0m[0m "ManagedBy"    = "Terraform"
          [32m+[0m[0m "Organization" = "dats"
          [32m+[0m[0m "Owner"        = "Platform Team"
          [32m+[0m[0m "Platform"     = "beeux"
          [32m+[0m[0m "Project"      = "BeEux Word Learning Platform"
          [32m+[0m[0m "VMName"       = "dats-beeux-secu1-dev"
          [32m+[0m[0m "VMRole"       = "worker"
        }
      [32m+[0m[0m virtual_machine_id                                     = (known after apply)
      [32m+[0m[0m vm_agent_platform_updates_enabled                      = false
      [32m+[0m[0m zone                                                   = "1"

      [32m+[0m[0m admin_ssh_key {
          [32m+[0m[0m public_key = (known after apply)
          [32m+[0m[0m username   = "beeuser"
        }

      [32m+[0m[0m boot_diagnostics {}

      [32m+[0m[0m os_disk {
          [32m+[0m[0m caching                   = "ReadWrite"
          [32m+[0m[0m disk_size_gb              = 20
          [32m+[0m[0m name                      = "dats-beeux-secu1-dev-osdisk"
          [32m+[0m[0m storage_account_type      = "StandardSSD_LRS"
          [32m+[0m[0m write_accelerator_enabled = false
        }

      [32m+[0m[0m source_image_reference {
          [32m+[0m[0m offer     = "0001-com-ubuntu-server-jammy"
          [32m+[0m[0m publisher = "Canonical"
          [32m+[0m[0m sku       = "22_04-lts-gen2"
          [32m+[0m[0m version   = "latest"
        }

      [32m+[0m[0m termination_notification (known after apply)
    }

[1m  # module.vm2_secu1.azurerm_network_interface.main[0m will be created
[0m  [32m+[0m[0m resource "azurerm_network_interface" "main" {
      [32m+[0m[0m accelerated_networking_enabled = (known after apply)
      [32m+[0m[0m applied_dns_servers            = (known after apply)
      [32m+[0m[0m dns_servers                    = (known after apply)
      [32m+[0m[0m enable_accelerated_networking  = (known after apply)
      [32m+[0m[0m enable_ip_forwarding           = (known after apply)
      [32m+[0m[0m id                             = (known after apply)
      [32m+[0m[0m internal_domain_name_suffix    = (known after apply)
      [32m+[0m[0m ip_forwarding_enabled          = (known after apply)
      [32m+[0m[0m location                       = "centralus"
      [32m+[0m[0m mac_address                    = (known after apply)
      [32m+[0m[0m name                           = "dats-beeux-secu1-dev-nic"
      [32m+[0m[0m private_ip_address             = (known after apply)
      [32m+[0m[0m private_ip_addresses           = (known after apply)
      [32m+[0m[0m resource_group_name            = "dats-beeux-dev-rg"
      [32m+[0m[0m tags                           = {
          [32m+[0m[0m "CostCenter"   = "Engineering"
          [32m+[0m[0m "Environment"  = "dev"
          [32m+[0m[0m "ManagedBy"    = "Terraform"
          [32m+[0m[0m "Organization" = "dats"
          [32m+[0m[0m "Owner"        = "Platform Team"
          [32m+[0m[0m "Platform"     = "beeux"
          [32m+[0m[0m "Project"      = "BeEux Word Learning Platform"
          [32m+[0m[0m "VMName"       = "dats-beeux-secu1-dev"
          [32m+[0m[0m "VMRole"       = "worker"
        }
      [32m+[0m[0m virtual_machine_id             = (known after apply)

      [32m+[0m[0m ip_configuration {
          [32m+[0m[0m gateway_load_balancer_frontend_ip_configuration_id = (known after apply)
          [32m+[0m[0m name                                               = "internal"
          [32m+[0m[0m primary                                            = (known after apply)
          [32m+[0m[0m private_ip_address                                 = "10.0.1.5"
          [32m+[0m[0m private_ip_address_allocation                      = "Static"
          [32m+[0m[0m private_ip_address_version                         = "IPv4"
          [32m+[0m[0m public_ip_address_id                               = (known after apply)
          [32m+[0m[0m subnet_id                                          = (known after apply)
        }
    }

[1m  # module.vm2_secu1.azurerm_network_interface_security_group_association.main[0m will be created
[0m  [32m+[0m[0m resource "azurerm_network_interface_security_group_association" "main" {
      [32m+[0m[0m id                        = (known after apply)
      [32m+[0m[0m network_interface_id      = (known after apply)
      [32m+[0m[0m network_security_group_id = (known after apply)
    }

[1m  # module.vm2_secu1.azurerm_public_ip.main[0m will be created
[0m  [32m+[0m[0m resource "azurerm_public_ip" "main" {
      [32m+[0m[0m allocation_method       = "Static"
      [32m+[0m[0m ddos_protection_mode    = "VirtualNetworkInherited"
      [32m+[0m[0m fqdn                    = (known after apply)
      [32m+[0m[0m id                      = (known after apply)
      [32m+[0m[0m idle_timeout_in_minutes = 4
      [32m+[0m[0m ip_address              = (known after apply)
      [32m+[0m[0m ip_version              = "IPv4"
      [32m+[0m[0m location                = "centralus"
      [32m+[0m[0m name                    = "dats-beeux-secu1-dev-pip"
      [32m+[0m[0m resource_group_name     = "dats-beeux-dev-rg"
      [32m+[0m[0m sku                     = "Standard"
      [32m+[0m[0m sku_tier                = "Regional"
      [32m+[0m[0m tags                    = {
          [32m+[0m[0m "CostCenter"   = "Engineering"
          [32m+[0m[0m "Environment"  = "dev"
          [32m+[0m[0m "ManagedBy"    = "Terraform"
          [32m+[0m[0m "Organization" = "dats"
          [32m+[0m[0m "Owner"        = "Platform Team"
          [32m+[0m[0m "Platform"     = "beeux"
          [32m+[0m[0m "Project"      = "BeEux Word Learning Platform"
          [32m+[0m[0m "VMName"       = "dats-beeux-secu1-dev"
          [32m+[0m[0m "VMRole"       = "worker"
        }
      [32m+[0m[0m zones                   = [
          [32m+[0m[0m "1",
        ]
    }

[1m  # module.vm3_apps1.azurerm_linux_virtual_machine.main[0m will be created
[0m  [32m+[0m[0m resource "azurerm_linux_virtual_machine" "main" {
      [32m+[0m[0m admin_username                                         = "beeuser"
      [32m+[0m[0m allow_extension_operations                             = true
      [32m+[0m[0m bypass_platform_safety_checks_on_user_schedule_enabled = false
      [32m+[0m[0m computer_name                                          = (known after apply)
      [32m+[0m[0m custom_data                                            = (sensitive value)
      [32m+[0m[0m disable_password_authentication                        = true
      [32m+[0m[0m disk_controller_type                                   = (known after apply)
      [32m+[0m[0m extensions_time_budget                                 = "PT1H30M"
      [32m+[0m[0m id                                                     = (known after apply)
      [32m+[0m[0m location                                               = "centralus"
      [32m+[0m[0m max_bid_price                                          = -1
      [32m+[0m[0m name                                                   = "dats-beeux-apps1-dev"
      [32m+[0m[0m network_interface_ids                                  = (known after apply)
      [32m+[0m[0m patch_assessment_mode                                  = "ImageDefault"
      [32m+[0m[0m patch_mode                                             = "ImageDefault"
      [32m+[0m[0m platform_fault_domain                                  = -1
      [32m+[0m[0m priority                                               = "Regular"
      [32m+[0m[0m private_ip_address                                     = (known after apply)
      [32m+[0m[0m private_ip_addresses                                   = (known after apply)
      [32m+[0m[0m provision_vm_agent                                     = true
      [32m+[0m[0m public_ip_address                                      = (known after apply)
      [32m+[0m[0m public_ip_addresses                                    = (known after apply)
      [32m+[0m[0m resource_group_name                                    = "dats-beeux-dev-rg"
      [32m+[0m[0m size                                                   = "Standard_B2s"
      [32m+[0m[0m tags                                                   = {
          [32m+[0m[0m "Components"   = "NGLB,WEUI,WAUI,WCAC,SWAG"
          [32m+[0m[0m "CostCenter"   = "Engineering"
          [32m+[0m[0m "Environment"  = "dev"
          [32m+[0m[0m "ManagedBy"    = "Terraform"
          [32m+[0m[0m "Organization" = "dats"
          [32m+[0m[0m "Owner"        = "Platform Team"
          [32m+[0m[0m "Platform"     = "beeux"
          [32m+[0m[0m "Project"      = "BeEux Word Learning Platform"
          [32m+[0m[0m "VMName"       = "dats-beeux-apps1-dev"
          [32m+[0m[0m "VMRole"       = "worker"
        }
      [32m+[0m[0m virtual_machine_id                                     = (known after apply)
      [32m+[0m[0m vm_agent_platform_updates_enabled                      = false
      [32m+[0m[0m zone                                                   = "1"

      [32m+[0m[0m admin_ssh_key {
          [32m+[0m[0m public_key = (known after apply)
          [32m+[0m[0m username   = "beeuser"
        }

      [32m+[0m[0m boot_diagnostics {}

      [32m+[0m[0m os_disk {
          [32m+[0m[0m caching                   = "ReadWrite"
          [32m+[0m[0m disk_size_gb              = 20
          [32m+[0m[0m name                      = "dats-beeux-apps1-dev-osdisk"
          [32m+[0m[0m storage_account_type      = "StandardSSD_LRS"
          [32m+[0m[0m write_accelerator_enabled = false
        }

      [32m+[0m[0m source_image_reference {
          [32m+[0m[0m offer     = "0001-com-ubuntu-server-jammy"
          [32m+[0m[0m publisher = "Canonical"
          [32m+[0m[0m sku       = "22_04-lts-gen2"
          [32m+[0m[0m version   = "latest"
        }

      [32m+[0m[0m termination_notification (known after apply)
    }

[1m  # module.vm3_apps1.azurerm_network_interface.main[0m will be created
[0m  [32m+[0m[0m resource "azurerm_network_interface" "main" {
      [32m+[0m[0m accelerated_networking_enabled = (known after apply)
      [32m+[0m[0m applied_dns_servers            = (known after apply)
      [32m+[0m[0m dns_servers                    = (known after apply)
      [32m+[0m[0m enable_accelerated_networking  = (known after apply)
      [32m+[0m[0m enable_ip_forwarding           = (known after apply)
      [32m+[0m[0m id                             = (known after apply)
      [32m+[0m[0m internal_domain_name_suffix    = (known after apply)
      [32m+[0m[0m ip_forwarding_enabled          = (known after apply)
      [32m+[0m[0m location                       = "centralus"
      [32m+[0m[0m mac_address                    = (known after apply)
      [32m+[0m[0m name                           = "dats-beeux-apps1-dev-nic"
      [32m+[0m[0m private_ip_address             = (known after apply)
      [32m+[0m[0m private_ip_addresses           = (known after apply)
      [32m+[0m[0m resource_group_name            = "dats-beeux-dev-rg"
      [32m+[0m[0m tags                           = {
          [32m+[0m[0m "CostCenter"   = "Engineering"
          [32m+[0m[0m "Environment"  = "dev"
          [32m+[0m[0m "ManagedBy"    = "Terraform"
          [32m+[0m[0m "Organization" = "dats"
          [32m+[0m[0m "Owner"        = "Platform Team"
          [32m+[0m[0m "Platform"     = "beeux"
          [32m+[0m[0m "Project"      = "BeEux Word Learning Platform"
          [32m+[0m[0m "VMName"       = "dats-beeux-apps1-dev"
          [32m+[0m[0m "VMRole"       = "worker"
        }
      [32m+[0m[0m virtual_machine_id             = (known after apply)

      [32m+[0m[0m ip_configuration {
          [32m+[0m[0m gateway_load_balancer_frontend_ip_configuration_id = (known after apply)
          [32m+[0m[0m name                                               = "internal"
          [32m+[0m[0m primary                                            = (known after apply)
          [32m+[0m[0m private_ip_address                                 = "10.0.1.6"
          [32m+[0m[0m private_ip_address_allocation                      = "Static"
          [32m+[0m[0m private_ip_address_version                         = "IPv4"
          [32m+[0m[0m public_ip_address_id                               = (known after apply)
          [32m+[0m[0m subnet_id                                          = (known after apply)
        }
    }

[1m  # module.vm3_apps1.azurerm_network_interface_security_group_association.main[0m will be created
[0m  [32m+[0m[0m resource "azurerm_network_interface_security_group_association" "main" {
      [32m+[0m[0m id                        = (known after apply)
      [32m+[0m[0m network_interface_id      = (known after apply)
      [32m+[0m[0m network_security_group_id = (known after apply)
    }

[1m  # module.vm3_apps1.azurerm_public_ip.main[0m will be created
[0m  [32m+[0m[0m resource "azurerm_public_ip" "main" {
      [32m+[0m[0m allocation_method       = "Static"
      [32m+[0m[0m ddos_protection_mode    = "VirtualNetworkInherited"
      [32m+[0m[0m fqdn                    = (known after apply)
      [32m+[0m[0m id                      = (known after apply)
      [32m+[0m[0m idle_timeout_in_minutes = 4
      [32m+[0m[0m ip_address              = (known after apply)
      [32m+[0m[0m ip_version              = "IPv4"
      [32m+[0m[0m location                = "centralus"
      [32m+[0m[0m name                    = "dats-beeux-apps1-dev-pip"
      [32m+[0m[0m resource_group_name     = "dats-beeux-dev-rg"
      [32m+[0m[0m sku                     = "Standard"
      [32m+[0m[0m sku_tier                = "Regional"
      [32m+[0m[0m tags                    = {
          [32m+[0m[0m "CostCenter"   = "Engineering"
          [32m+[0m[0m "Environment"  = "dev"
          [32m+[0m[0m "ManagedBy"    = "Terraform"
          [32m+[0m[0m "Organization" = "dats"
          [32m+[0m[0m "Owner"        = "Platform Team"
          [32m+[0m[0m "Platform"     = "beeux"
          [32m+[0m[0m "Project"      = "BeEux Word Learning Platform"
          [32m+[0m[0m "VMName"       = "dats-beeux-apps1-dev"
          [32m+[0m[0m "VMRole"       = "worker"
        }
      [32m+[0m[0m zones                   = [
          [32m+[0m[0m "1",
        ]
    }

[1m  # module.vm4_apps2.azurerm_linux_virtual_machine.main[0m will be created
[0m  [32m+[0m[0m resource "azurerm_linux_virtual_machine" "main" {
      [32m+[0m[0m admin_username                                         = "beeuser"
      [32m+[0m[0m allow_extension_operations                             = true
      [32m+[0m[0m bypass_platform_safety_checks_on_user_schedule_enabled = false
      [32m+[0m[0m computer_name                                          = (known after apply)
      [32m+[0m[0m custom_data                                            = (sensitive value)
      [32m+[0m[0m disable_password_authentication                        = true
      [32m+[0m[0m disk_controller_type                                   = (known after apply)
      [32m+[0m[0m extensions_time_budget                                 = "PT1H30M"
      [32m+[0m[0m id                                                     = (known after apply)
      [32m+[0m[0m location                                               = "centralus"
      [32m+[0m[0m max_bid_price                                          = -1
      [32m+[0m[0m name                                                   = "dats-beeux-apps2-dev"
      [32m+[0m[0m network_interface_ids                                  = (known after apply)
      [32m+[0m[0m patch_assessment_mode                                  = "ImageDefault"
      [32m+[0m[0m patch_mode                                             = "ImageDefault"
      [32m+[0m[0m platform_fault_domain                                  = -1
      [32m+[0m[0m priority                                               = "Regular"
      [32m+[0m[0m private_ip_address                                     = (known after apply)
      [32m+[0m[0m private_ip_addresses                                   = (known after apply)
      [32m+[0m[0m provision_vm_agent                                     = true
      [32m+[0m[0m public_ip_address                                      = (known after apply)
      [32m+[0m[0m public_ip_addresses                                    = (known after apply)
      [32m+[0m[0m resource_group_name                                    = "dats-beeux-dev-rg"
      [32m+[0m[0m size                                                   = "Standard_B2s"
      [32m+[0m[0m tags                                                   = {
          [32m+[0m[0m "Components"   = "SCGC,SCSD,WAPI,PFIX"
          [32m+[0m[0m "CostCenter"   = "Engineering"
          [32m+[0m[0m "Environment"  = "dev"
          [32m+[0m[0m "ManagedBy"    = "Terraform"
          [32m+[0m[0m "Organization" = "dats"
          [32m+[0m[0m "Owner"        = "Platform Team"
          [32m+[0m[0m "Platform"     = "beeux"
          [32m+[0m[0m "Project"      = "BeEux Word Learning Platform"
          [32m+[0m[0m "VMName"       = "dats-beeux-apps2-dev"
          [32m+[0m[0m "VMRole"       = "worker"
        }
      [32m+[0m[0m virtual_machine_id                                     = (known after apply)
      [32m+[0m[0m vm_agent_platform_updates_enabled                      = false
      [32m+[0m[0m zone                                                   = "1"

      [32m+[0m[0m admin_ssh_key {
          [32m+[0m[0m public_key = (known after apply)
          [32m+[0m[0m username   = "beeuser"
        }

      [32m+[0m[0m boot_diagnostics {}

      [32m+[0m[0m os_disk {
          [32m+[0m[0m caching                   = "ReadWrite"
          [32m+[0m[0m disk_size_gb              = 20
          [32m+[0m[0m name                      = "dats-beeux-apps2-dev-osdisk"
          [32m+[0m[0m storage_account_type      = "StandardSSD_LRS"
          [32m+[0m[0m write_accelerator_enabled = false
        }

      [32m+[0m[0m source_image_reference {
          [32m+[0m[0m offer     = "0001-com-ubuntu-server-jammy"
          [32m+[0m[0m publisher = "Canonical"
          [32m+[0m[0m sku       = "22_04-lts-gen2"
          [32m+[0m[0m version   = "latest"
        }

      [32m+[0m[0m termination_notification (known after apply)
    }

[1m  # module.vm4_apps2.azurerm_network_interface.main[0m will be created
[0m  [32m+[0m[0m resource "azurerm_network_interface" "main" {
      [32m+[0m[0m accelerated_networking_enabled = (known after apply)
      [32m+[0m[0m applied_dns_servers            = (known after apply)
      [32m+[0m[0m dns_servers                    = (known after apply)
      [32m+[0m[0m enable_accelerated_networking  = (known after apply)
      [32m+[0m[0m enable_ip_forwarding           = (known after apply)
      [32m+[0m[0m id                             = (known after apply)
      [32m+[0m[0m internal_domain_name_suffix    = (known after apply)
      [32m+[0m[0m ip_forwarding_enabled          = (known after apply)
      [32m+[0m[0m location                       = "centralus"
      [32m+[0m[0m mac_address                    = (known after apply)
      [32m+[0m[0m name                           = "dats-beeux-apps2-dev-nic"
      [32m+[0m[0m private_ip_address             = (known after apply)
      [32m+[0m[0m private_ip_addresses           = (known after apply)
      [32m+[0m[0m resource_group_name            = "dats-beeux-dev-rg"
      [32m+[0m[0m tags                           = {
          [32m+[0m[0m "CostCenter"   = "Engineering"
          [32m+[0m[0m "Environment"  = "dev"
          [32m+[0m[0m "ManagedBy"    = "Terraform"
          [32m+[0m[0m "Organization" = "dats"
          [32m+[0m[0m "Owner"        = "Platform Team"
          [32m+[0m[0m "Platform"     = "beeux"
          [32m+[0m[0m "Project"      = "BeEux Word Learning Platform"
          [32m+[0m[0m "VMName"       = "dats-beeux-apps2-dev"
          [32m+[0m[0m "VMRole"       = "worker"
        }
      [32m+[0m[0m virtual_machine_id             = (known after apply)

      [32m+[0m[0m ip_configuration {
          [32m+[0m[0m gateway_load_balancer_frontend_ip_configuration_id = (known after apply)
          [32m+[0m[0m name                                               = "internal"
          [32m+[0m[0m primary                                            = (known after apply)
          [32m+[0m[0m private_ip_address                                 = "10.0.1.7"
          [32m+[0m[0m private_ip_address_allocation                      = "Static"
          [32m+[0m[0m private_ip_address_version                         = "IPv4"
          [32m+[0m[0m public_ip_address_id                               = (known after apply)
          [32m+[0m[0m subnet_id                                          = (known after apply)
        }
    }

[1m  # module.vm4_apps2.azurerm_network_interface_security_group_association.main[0m will be created
[0m  [32m+[0m[0m resource "azurerm_network_interface_security_group_association" "main" {
      [32m+[0m[0m id                        = (known after apply)
      [32m+[0m[0m network_interface_id      = (known after apply)
      [32m+[0m[0m network_security_group_id = (known after apply)
    }

[1m  # module.vm4_apps2.azurerm_public_ip.main[0m will be created
[0m  [32m+[0m[0m resource "azurerm_public_ip" "main" {
      [32m+[0m[0m allocation_method       = "Static"
      [32m+[0m[0m ddos_protection_mode    = "VirtualNetworkInherited"
      [32m+[0m[0m fqdn                    = (known after apply)
      [32m+[0m[0m id                      = (known after apply)
      [32m+[0m[0m idle_timeout_in_minutes = 4
      [32m+[0m[0m ip_address              = (known after apply)
      [32m+[0m[0m ip_version              = "IPv4"
      [32m+[0m[0m location                = "centralus"
      [32m+[0m[0m name                    = "dats-beeux-apps2-dev-pip"
      [32m+[0m[0m resource_group_name     = "dats-beeux-dev-rg"
      [32m+[0m[0m sku                     = "Standard"
      [32m+[0m[0m sku_tier                = "Regional"
      [32m+[0m[0m tags                    = {
          [32m+[0m[0m "CostCenter"   = "Engineering"
          [32m+[0m[0m "Environment"  = "dev"
          [32m+[0m[0m "ManagedBy"    = "Terraform"
          [32m+[0m[0m "Organization" = "dats"
          [32m+[0m[0m "Owner"        = "Platform Team"
          [32m+[0m[0m "Platform"     = "beeux"
          [32m+[0m[0m "Project"      = "BeEux Word Learning Platform"
          [32m+[0m[0m "VMName"       = "dats-beeux-apps2-dev"
          [32m+[0m[0m "VMRole"       = "worker"
        }
      [32m+[0m[0m zones                   = [
          [32m+[0m[0m "1",
        ]
    }

[1m  # module.vm5_data1.azurerm_linux_virtual_machine.main[0m will be created
[0m  [32m+[0m[0m resource "azurerm_linux_virtual_machine" "main" {
      [32m+[0m[0m admin_username                                         = "beeuser"
      [32m+[0m[0m allow_extension_operations                             = true
      [32m+[0m[0m bypass_platform_safety_checks_on_user_schedule_enabled = false
      [32m+[0m[0m computer_name                                          = (known after apply)
      [32m+[0m[0m custom_data                                            = (sensitive value)
      [32m+[0m[0m disable_password_authentication                        = true
      [32m+[0m[0m disk_controller_type                                   = (known after apply)
      [32m+[0m[0m extensions_time_budget                                 = "PT1H30M"
      [32m+[0m[0m id                                                     = (known after apply)
      [32m+[0m[0m location                                               = "centralus"
      [32m+[0m[0m max_bid_price                                          = -1
      [32m+[0m[0m name                                                   = "dats-beeux-data1-dev"
      [32m+[0m[0m network_interface_ids                                  = (known after apply)
      [32m+[0m[0m patch_assessment_mode                                  = "ImageDefault"
      [32m+[0m[0m patch_mode                                             = "ImageDefault"
      [32m+[0m[0m platform_fault_domain                                  = -1
      [32m+[0m[0m priority                                               = "Regular"
      [32m+[0m[0m private_ip_address                                     = (known after apply)
      [32m+[0m[0m private_ip_addresses                                   = (known after apply)
      [32m+[0m[0m provision_vm_agent                                     = true
      [32m+[0m[0m public_ip_address                                      = (known after apply)
      [32m+[0m[0m public_ip_addresses                                    = (known after apply)
      [32m+[0m[0m resource_group_name                                    = "dats-beeux-dev-rg"
      [32m+[0m[0m size                                                   = "Standard_B2s"
      [32m+[0m[0m tags                                                   = {
          [32m+[0m[0m "Components"   = "WDAT,WEDA,SCBQ"
          [32m+[0m[0m "CostCenter"   = "Engineering"
          [32m+[0m[0m "Environment"  = "dev"
          [32m+[0m[0m "ManagedBy"    = "Terraform"
          [32m+[0m[0m "Organization" = "dats"
          [32m+[0m[0m "Owner"        = "Platform Team"
          [32m+[0m[0m "Platform"     = "beeux"
          [32m+[0m[0m "Project"      = "BeEux Word Learning Platform"
          [32m+[0m[0m "VMName"       = "dats-beeux-data1-dev"
          [32m+[0m[0m "VMRole"       = "worker"
        }
      [32m+[0m[0m virtual_machine_id                                     = (known after apply)
      [32m+[0m[0m vm_agent_platform_updates_enabled                      = false
      [32m+[0m[0m zone                                                   = "1"

      [32m+[0m[0m admin_ssh_key {
          [32m+[0m[0m public_key = (known after apply)
          [32m+[0m[0m username   = "beeuser"
        }

      [32m+[0m[0m boot_diagnostics {}

      [32m+[0m[0m os_disk {
          [32m+[0m[0m caching                   = "ReadWrite"
          [32m+[0m[0m disk_size_gb              = 20
          [32m+[0m[0m name                      = "dats-beeux-data1-dev-osdisk"
          [32m+[0m[0m storage_account_type      = "StandardSSD_LRS"
          [32m+[0m[0m write_accelerator_enabled = false
        }

      [32m+[0m[0m source_image_reference {
          [32m+[0m[0m offer     = "0001-com-ubuntu-server-jammy"
          [32m+[0m[0m publisher = "Canonical"
          [32m+[0m[0m sku       = "22_04-lts-gen2"
          [32m+[0m[0m version   = "latest"
        }

      [32m+[0m[0m termination_notification (known after apply)
    }

[1m  # module.vm5_data1.azurerm_network_interface.main[0m will be created
[0m  [32m+[0m[0m resource "azurerm_network_interface" "main" {
      [32m+[0m[0m accelerated_networking_enabled = (known after apply)
      [32m+[0m[0m applied_dns_servers            = (known after apply)
      [32m+[0m[0m dns_servers                    = (known after apply)
      [32m+[0m[0m enable_accelerated_networking  = (known after apply)
      [32m+[0m[0m enable_ip_forwarding           = (known after apply)
      [32m+[0m[0m id                             = (known after apply)
      [32m+[0m[0m internal_domain_name_suffix    = (known after apply)
      [32m+[0m[0m ip_forwarding_enabled          = (known after apply)
      [32m+[0m[0m location                       = "centralus"
      [32m+[0m[0m mac_address                    = (known after apply)
      [32m+[0m[0m name                           = "dats-beeux-data1-dev-nic"
      [32m+[0m[0m private_ip_address             = (known after apply)
      [32m+[0m[0m private_ip_addresses           = (known after apply)
      [32m+[0m[0m resource_group_name            = "dats-beeux-dev-rg"
      [32m+[0m[0m tags                           = {
          [32m+[0m[0m "CostCenter"   = "Engineering"
          [32m+[0m[0m "Environment"  = "dev"
          [32m+[0m[0m "ManagedBy"    = "Terraform"
          [32m+[0m[0m "Organization" = "dats"
          [32m+[0m[0m "Owner"        = "Platform Team"
          [32m+[0m[0m "Platform"     = "beeux"
          [32m+[0m[0m "Project"      = "BeEux Word Learning Platform"
          [32m+[0m[0m "VMName"       = "dats-beeux-data1-dev"
          [32m+[0m[0m "VMRole"       = "worker"
        }
      [32m+[0m[0m virtual_machine_id             = (known after apply)

      [32m+[0m[0m ip_configuration {
          [32m+[0m[0m gateway_load_balancer_frontend_ip_configuration_id = (known after apply)
          [32m+[0m[0m name                                               = "internal"
          [32m+[0m[0m primary                                            = (known after apply)
          [32m+[0m[0m private_ip_address                                 = "10.0.1.8"
          [32m+[0m[0m private_ip_address_allocation                      = "Static"
          [32m+[0m[0m private_ip_address_version                         = "IPv4"
          [32m+[0m[0m public_ip_address_id                               = (known after apply)
          [32m+[0m[0m subnet_id                                          = (known after apply)
        }
    }

[1m  # module.vm5_data1.azurerm_network_interface_security_group_association.main[0m will be created
[0m  [32m+[0m[0m resource "azurerm_network_interface_security_group_association" "main" {
      [32m+[0m[0m id                        = (known after apply)
      [32m+[0m[0m network_interface_id      = (known after apply)
      [32m+[0m[0m network_security_group_id = (known after apply)
    }

[1m  # module.vm5_data1.azurerm_public_ip.main[0m will be created
[0m  [32m+[0m[0m resource "azurerm_public_ip" "main" {
      [32m+[0m[0m allocation_method       = "Static"
      [32m+[0m[0m ddos_protection_mode    = "VirtualNetworkInherited"
      [32m+[0m[0m fqdn                    = (known after apply)
      [32m+[0m[0m id                      = (known after apply)
      [32m+[0m[0m idle_timeout_in_minutes = 4
      [32m+[0m[0m ip_address              = (known after apply)
      [32m+[0m[0m ip_version              = "IPv4"
      [32m+[0m[0m location                = "centralus"
      [32m+[0m[0m name                    = "dats-beeux-data1-dev-pip"
      [32m+[0m[0m resource_group_name     = "dats-beeux-dev-rg"
      [32m+[0m[0m sku                     = "Standard"
      [32m+[0m[0m sku_tier                = "Regional"
      [32m+[0m[0m tags                    = {
          [32m+[0m[0m "CostCenter"   = "Engineering"
          [32m+[0m[0m "Environment"  = "dev"
          [32m+[0m[0m "ManagedBy"    = "Terraform"
          [32m+[0m[0m "Organization" = "dats"
          [32m+[0m[0m "Owner"        = "Platform Team"
          [32m+[0m[0m "Platform"     = "beeux"
          [32m+[0m[0m "Project"      = "BeEux Word Learning Platform"
          [32m+[0m[0m "VMName"       = "dats-beeux-data1-dev"
          [32m+[0m[0m "VMRole"       = "worker"
        }
      [32m+[0m[0m zones                   = [
          [32m+[0m[0m "1",
        ]
    }

[1mPlan:[0m 67 to add, 0 to change, 0 to destroy.
[0m
Changes to Outputs:
  [32m+[0m[0m all_vms                 = {
      [32m+[0m[0m vm1_master = {
          [32m+[0m[0m components = "WIOR,WCID"
          [32m+[0m[0m name       = "dats-beeux-infr1-dev"
          [32m+[0m[0m private_ip = (known after apply)
          [32m+[0m[0m public_ip  = (known after apply)
          [32m+[0m[0m role       = "master"
        }
      [32m+[0m[0m vm2_worker = {
          [32m+[0m[0m components = "KIAM,SCSM,SCCM"
          [32m+[0m[0m name       = "dats-beeux-secu1-dev"
          [32m+[0m[0m private_ip = (known after apply)
          [32m+[0m[0m public_ip  = (known after apply)
          [32m+[0m[0m role       = "worker"
        }
      [32m+[0m[0m vm3_worker = {
          [32m+[0m[0m components = "NGLB,WEUI,WAUI,WCAC,SWAG"
          [32m+[0m[0m name       = "dats-beeux-apps1-dev"
          [32m+[0m[0m private_ip = (known after apply)
          [32m+[0m[0m public_ip  = (known after apply)
          [32m+[0m[0m role       = "worker"
        }
      [32m+[0m[0m vm4_worker = {
          [32m+[0m[0m components = "SCGC,SCSD,WAPI,PFIX"
          [32m+[0m[0m name       = "dats-beeux-apps2-dev"
          [32m+[0m[0m private_ip = (known after apply)
          [32m+[0m[0m public_ip  = (known after apply)
          [32m+[0m[0m role       = "worker"
        }
      [32m+[0m[0m vm5_worker = {
          [32m+[0m[0m components = "WDAT,WEDA,SCBQ"
          [32m+[0m[0m name       = "dats-beeux-data1-dev"
          [32m+[0m[0m private_ip = (known after apply)
          [32m+[0m[0m public_ip  = (known after apply)
          [32m+[0m[0m role       = "worker"
        }
    }
  [32m+[0m[0m file_share_name         = "dats-beeux-dev-shaf-afs"
  [32m+[0m[0m nsg_id                  = (known after apply)
  [32m+[0m[0m resource_group_id       = (known after apply)
  [32m+[0m[0m resource_group_location = "centralus"
  [32m+[0m[0m resource_group_name     = "dats-beeux-dev-rg"
  [32m+[0m[0m ssh_private_key_path    = "./ssh-keys/dats-beeux-dats-beeux-infr1-dev-id_rsa"
  [32m+[0m[0m ssh_public_key_path     = "./ssh-keys/dats-beeux-dats-beeux-infr1-dev-id_rsa.pub"
  [32m+[0m[0m storage_account_name    = "datsbeeuxdevstacct"
  [32m+[0m[0m storage_mount_command   = (sensitive value)
  [32m+[0m[0m subnet_id               = (known after apply)
  [32m+[0m[0m vm1_name                = "dats-beeux-infr1-dev"
  [32m+[0m[0m vm1_private_ip          = (known after apply)
  [32m+[0m[0m vm1_public_ip           = (known after apply)
  [32m+[0m[0m vm1_ssh_connection      = (known after apply)
  [32m+[0m[0m vm2_name                = "dats-beeux-secu1-dev"
  [32m+[0m[0m vm2_private_ip          = (known after apply)
  [32m+[0m[0m vm2_public_ip           = (known after apply)
  [32m+[0m[0m vm2_ssh_connection      = (known after apply)
  [32m+[0m[0m vm3_name                = "dats-beeux-apps1-dev"
  [32m+[0m[0m vm3_private_ip          = (known after apply)
  [32m+[0m[0m vm3_public_ip           = (known after apply)
  [32m+[0m[0m vm3_ssh_connection      = (known after apply)
  [32m+[0m[0m vm4_name                = "dats-beeux-apps2-dev"
  [32m+[0m[0m vm4_private_ip          = (known after apply)
  [32m+[0m[0m vm4_public_ip           = (known after apply)
  [32m+[0m[0m vm4_ssh_connection      = (known after apply)
  [32m+[0m[0m vm5_name                = "dats-beeux-data1-dev"
  [32m+[0m[0m vm5_private_ip          = (known after apply)
  [32m+[0m[0m vm5_public_ip           = (known after apply)
  [32m+[0m[0m vm5_ssh_connection      = (known after apply)
  [32m+[0m[0m vnet_id                 = (known after apply)
  [32m+[0m[0m vnet_name               = "dats-beeux-dev-vnet"
[90m
─────────────────────────────────────────────────────────────────────────────[0m

Saved the plan to: tfplan

To perform exactly these actions, run the following command to apply:
    terraform apply "tfplan"
